{
  "name": "nft-marketplace-backend",
  "lockfileVersion": 2,
  "requires": true,
  "packages": {
    "": {
      "name": "nft-marketplace-backend",
      "version": "1.0.0",
      "dependencies": {
        "express": "^4.18.2",
        "cors": "^2.8.5",
        "body-parser": "^1.20.2"
      },
      "devDependencies": {
        "nodemon": "^3.0.1"
      }
    },
    "node_modules/body-parser": {
      "version": "1.20.2",
      "resolved": "https://registry.npmjs.org/body-parser/-/body-parser-1.20.2.tgz"
    },
    "node_modules/cors": {
      "version": "2.8.5",
      "resolved": "https://registry.npmjs.org/cors/-/cors-2.8.5.tgz"
    },
    "node_modules/express": {
      "version": "4.18.2",
      "resolved": "https://registry.npmjs.org/express/-/express-4.18.2.tgz"
    },
    "node_modules/nodemon": {
      "version": "3.0.1",
      "resolved": "https://registry.npmjs.org/nodemon/-/nodemon-3.0.1.tgz"
    }
  }
}
